// !$*UTF8*$!
{
	archiveVersion = 1;
	classes = {
	};
	objectVersion = 56;
	objects = {

/* Begin PBXBuildFile section */
		6F4ACDB12943E9A600400AEA /* SwiftUITestsApp.swift in Sources */ = {isa = PBXBuildFile; fileRef = 6F4ACDB02943E9A600400AEA /* SwiftUITestsApp.swift */; };
		6F4ACDB32943E9A600400AEA /* ContentView.swift in Sources */ = {isa = PBXBuildFile; fileRef = 6F4ACDB22943E9A600400AEA /* ContentView.swift */; };
		6F4ACDB52943E9A800400AEA /* Assets.xcassets in Resources */ = {isa = PBXBuildFile; fileRef = 6F4ACDB42943E9A800400AEA /* Assets.xcassets */; };
		6F4ACDB82943E9A800400AEA /* Preview Assets.xcassets in Resources */ = {isa = PBXBuildFile; fileRef = 6F4ACDB72943E9A800400AEA /* Preview Assets.xcassets */; };
		6F5970E229887B8500CBD9D6 /* SpirographView.swift in Sources */ = {isa = PBXBuildFile; fileRef = 6F5970E129887B8500CBD9D6 /* SpirographView.swift */; };
		6F965E8029776CB50005EBE1 /* FormUIView.swift in Sources */ = {isa = PBXBuildFile; fileRef = 6F965E7F29776CB50005EBE1 /* FormUIView.swift */; };
		6F965E8229776D140005EBE1 /* AnimationsUIView.swift in Sources */ = {isa = PBXBuildFile; fileRef = 6F965E8129776D140005EBE1 /* AnimationsUIView.swift */; };
		6F965E8529776D7A0005EBE1 /* View+Extensions.swift in Sources */ = {isa = PBXBuildFile; fileRef = 6F965E8429776D7A0005EBE1 /* View+Extensions.swift */; };
		6F965E87297783510005EBE1 /* ShapesUIView.swift in Sources */ = {isa = PBXBuildFile; fileRef = 6F965E86297783510005EBE1 /* ShapesUIView.swift */; };
		6F965E892977933D0005EBE1 /* ColorCyclingUIView.swift in Sources */ = {isa = PBXBuildFile; fileRef = 6F965E882977933D0005EBE1 /* ColorCyclingUIView.swift */; };
/* End PBXBuildFile section */

/* Begin PBXFileReference section */
		6F4ACDAD2943E9A600400AEA /* SwiftUITests.app */ = {isa = PBXFileReference; explicitFileType = wrapper.application; includeInIndex = 0; path = SwiftUITests.app; sourceTree = BUILT_PRODUCTS_DIR; };
		6F4ACDB02943E9A600400AEA /* SwiftUITestsApp.swift */ = {isa = PBXFileReference; lastKnownFileType = sourcecode.swift; path = SwiftUITestsApp.swift; sourceTree = "<group>"; };
		6F4ACDB22943E9A600400AEA /* ContentView.swift */ = {isa = PBXFileReference; lastKnownFileType = sourcecode.swift; path = ContentView.swift; sourceTree = "<group>"; };
		6F4ACDB42943E9A800400AEA /* Assets.xcassets */ = {isa = PBXFileReference; lastKnownFileType = folder.assetcatalog; path = Assets.xcassets; sourceTree = "<group>"; };
		6F4ACDB72943E9A800400AEA /* Preview Assets.xcassets */ = {isa = PBXFileReference; lastKnownFileType = folder.assetcatalog; path = "Preview Assets.xcassets"; sourceTree = "<group>"; };
		6F5970E129887B8500CBD9D6 /* SpirographView.swift */ = {isa = PBXFileReference; lastKnownFileType = sourcecode.swift; path = SpirographView.swift; sourceTree = "<group>"; };
		6F965E7F29776CB50005EBE1 /* FormUIView.swift */ = {isa = PBXFileReference; lastKnownFileType = sourcecode.swift; path = FormUIView.swift; sourceTree = "<group>"; };
		6F965E8129776D140005EBE1 /* AnimationsUIView.swift */ = {isa = PBXFileReference; lastKnownFileType = sourcecode.swift; path = AnimationsUIView.swift; sourceTree = "<group>"; };
		6F965E8429776D7A0005EBE1 /* View+Extensions.swift */ = {isa = PBXFileReference; lastKnownFileType = sourcecode.swift; path = "View+Extensions.swift"; sourceTree = "<group>"; };
		6F965E86297783510005EBE1 /* ShapesUIView.swift */ = {isa = PBXFileReference; lastKnownFileType = sourcecode.swift; path = ShapesUIView.swift; sourceTree = "<group>"; };
		6F965E882977933D0005EBE1 /* ColorCyclingUIView.swift */ = {isa = PBXFileReference; lastKnownFileType = sourcecode.swift; path = ColorCyclingUIView.swift; sourceTree = "<group>"; };
/* End PBXFileReference section */

/* Begin PBXFrameworksBuildPhase section */
		6F4ACDAA2943E9A600400AEA /* Frameworks */ = {
			isa = PBXFrameworksBuildPhase;
			buildActionMask = 2147483647;
			files = (
			);
			runOnlyForDeploymentPostprocessing = 0;
		};
/* End PBXFrameworksBuildPhase section */

/* Begin PBXGroup section */
		6F4ACDA42943E9A600400AEA = {
			isa = PBXGroup;
			children = (
				6F4ACDAF2943E9A600400AEA /* SwiftUITests */,
				6F4ACDAE2943E9A600400AEA /* Products */,
			);
			sourceTree = "<group>";
		};
		6F4ACDAE2943E9A600400AEA /* Products */ = {
			isa = PBXGroup;
			children = (
				6F4ACDAD2943E9A600400AEA /* SwiftUITests.app */,
			);
			name = Products;
			sourceTree = "<group>";
		};
		6F4ACDAF2943E9A600400AEA /* SwiftUITests */ = {
			isa = PBXGroup;
			children = (
				6F965E8129776D140005EBE1 /* AnimationsUIView.swift */,
				6F965E882977933D0005EBE1 /* ColorCyclingUIView.swift */,
				6F4ACDB22943E9A600400AEA /* ContentView.swift */,
				6F965E7F29776CB50005EBE1 /* FormUIView.swift */,
				6F965E86297783510005EBE1 /* ShapesUIView.swift */,
				6F5970E129887B8500CBD9D6 /* SpirographView.swift */,
				6F4ACDB02943E9A600400AEA /* SwiftUITestsApp.swift */,
				6F4ACDB42943E9A800400AEA /* Assets.xcassets */,
				6F965E8329776D610005EBE1 /* Extensions */,
				6F4ACDB62943E9A800400AEA /* Preview Content */,
			);
			path = SwiftUITests;
			sourceTree = "<group>";
		};
		6F4ACDB62943E9A800400AEA /* Preview Content */ = {
			isa = PBXGroup;
			children = (
				6F4ACDB72943E9A800400AEA /* Preview Assets.xcassets */,
			);
			path = "Preview Content";
			sourceTree = "<group>";
		};
		6F965E8329776D610005EBE1 /* Extensions */ = {
			isa = PBXGroup;
			children = (
				6F965E8429776D7A0005EBE1 /* View+Extensions.swift */,
			);
			path = Extensions;
			sourceTree = "<group>";
		};
/* End PBXGroup section */

/* Begin PBXNativeTarget section */
		6F4ACDAC2943E9A600400AEA /* SwiftUITests */ = {
			isa = PBXNativeTarget;
			buildConfigurationList = 6F4ACDBB2943E9A800400AEA /* Build configuration list for PBXNativeTarget "SwiftUITests" */;
			buildPhases = (
				6F4ACDA92943E9A600400AEA /* Sources */,
				6F4ACDAA2943E9A600400AEA /* Frameworks */,
				6F4ACDAB2943E9A600400AEA /* Resources */,
			);
			buildRules = (
			);
			dependencies = (
			);
			name = SwiftUITests;
			productName = SwiftUITests;
			productReference = 6F4ACDAD2943E9A600400AEA /* SwiftUITests.app */;
			productType = "com.apple.product-type.application";
		};
/* End PBXNativeTarget section */

/* Begin PBXProject section */
		6F4ACDA52943E9A600400AEA /* Project object */ = {
			isa = PBXProject;
			attributes = {
				BuildIndependentTargetsInParallel = 1;
				LastSwiftUpdateCheck = 1400;
				LastUpgradeCheck = 1400;
				TargetAttributes = {
					6F4ACDAC2943E9A600400AEA = {
						CreatedOnToolsVersion = 14.0.1;
					};
				};
			};
			buildConfigurationList = 6F4ACDA82943E9A600400AEA /* Build configuration list for PBXProject "SwiftUITests" */;
			compatibilityVersion = "Xcode 14.0";
			developmentRegion = en;
			hasScannedForEncodings = 0;
			knownRegions = (
				en,
				Base,
			);
			mainGroup = 6F4ACDA42943E9A600400AEA;
			productRefGroup = 6F4ACDAE2943E9A600400AEA /* Products */;
			projectDirPath = "";
			projectRoot = "";
			targets = (
				6F4ACDAC2943E9A600400AEA /* SwiftUITests */,
			);
		};
/* End PBXProject section */

/* Begin PBXResourcesBuildPhase section */
		6F4ACDAB2943E9A600400AEA /* Resources */ = {
			isa = PBXResourcesBuildPhase;
			buildActionMask = 2147483647;
			files = (
				6F4ACDB82943E9A800400AEA /* Preview Assets.xcassets in Resources */,
				6F4ACDB52943E9A800400AEA /* Assets.xcassets in Resources */,
			);
			runOnlyForDeploymentPostprocessing = 0;
		};
/* End PBXResourcesBuildPhase section */

/* Begin PBXSourcesBuildPhase section */
		6F4ACDA92943E9A600400AEA /* Sources */ = {
			isa = PBXSourcesBuildPhase;
			buildActionMask = 2147483647;
			files = (
				6F965E87297783510005EBE1 /* ShapesUIView.swift in Sources */,
				6F5970E229887B8500CBD9D6 /* SpirographView.swift in Sources */,
				6F4ACDB32943E9A600400AEA /* ContentView.swift in Sources */,
				6F965E892977933D0005EBE1 /* ColorCyclingUIView.swift in Sources */,
				6F965E8229776D140005EBE1 /* AnimationsUIView.swift in Sources */,
				6F4ACDB12943E9A600400AEA /* SwiftUITestsApp.swift in Sources */,
				6F965E8529776D7A0005EBE1 /* View+Extensions.swift in Sources */,
				6F965E8029776CB50005EBE1 /* FormUIView.swift in Sources */,
			);
			runOnlyForDeploymentPostprocessing = 0;
		};
/* End PBXSourcesBuildPhase section */

/* Begin XCBuildConfiguration section */
		6F4ACDB92943E9A800400AEA /* Debug */ = {
			isa = XCBuildConfiguration;
			buildSettings = {
				ALWAYS_SEARCH_USER_PATHS = NO;
				CLANG_ANALYZER_NONNULL = YES;
				CLANG_ANALYZER_NUMBER_OBJECT_CONVERSION = YES_AGGRESSIVE;
				CLANG_CXX_LANGUAGE_STANDARD = "gnu++20";
				CLANG_ENABLE_MODULES = YES;
				CLANG_ENABLE_OBJC_ARC = YES;
				CLANG_ENABLE_OBJC_WEAK = YES;
				CLANG_WARN_BLOCK_CAPTURE_AUTORELEASING = YES;
				CLANG_WARN_BOOL_CONVERSION = YES;
				CLANG_WARN_COMMA = YES;
				CLANG_WARN_CONSTANT_CONVERSION = YES;
				CLANG_WARN_DEPRECATED_OBJC_IMPLEMENTATIONS = YES;
				CLANG_WARN_DIRECT_OBJC_ISA_USAGE = YES_ERROR;
				CLANG_WARN_DOCUMENTATION_COMMENTS = YES;
				CLANG_WARN_EMPTY_BODY = YES;
				CLANG_WARN_ENUM_CONVERSION = YES;
				CLANG_WARN_INFINITE_RECURSION = YES;
				CLANG_WARN_INT_CONVERSION = YES;
				CLANG_WARN_NON_LITERAL_NULL_CONVERSION = YES;
				CLANG_WARN_OBJC_IMPLICIT_RETAIN_SELF = YES;
				CLANG_WARN_OBJC_LITERAL_CONVERSION = YES;
				CLANG_WARN_OBJC_ROOT_CLASS = YES_ERROR;
				CLANG_WARN_QUOTED_INCLUDE_IN_FRAMEWORK_HEADER = YES;
				CLANG_WARN_RANGE_LOOP_ANALYSIS = YES;
				CLANG_WARN_STRICT_PROTOTYPES = YES;
				CLANG_WARN_SUSPICIOUS_MOVE = YES;
				CLANG_WARN_UNGUARDED_AVAILABILITY = YES_AGGRESSIVE;
				CLANG_WARN_UNREACHABLE_CODE = YES;
				CLANG_WARN__DUPLICATE_METHOD_MATCH = YES;
				COPY_PHASE_STRIP = NO;
				DEBUG_INFORMATION_FORMAT = dwarf;
				ENABLE_STRICT_OBJC_MSGSEND = YES;
				ENABLE_TESTABILITY = YES;
				GCC_C_LANGUAGE_STANDARD = gnu11;
				GCC_DYNAMIC_NO_PIC = NO;
				GCC_NO_COMMON_BLOCKS = YES;
				GCC_OPTIMIZATION_LEVEL = 0;
				GCC_PREPROCESSOR_DEFINITIONS = (
					"DEBUG=1",
					"$(inherited)",
				);
				GCC_WARN_64_TO_32_BIT_CONVERSION = YES;
				GCC_WARN_ABOUT_RETURN_TYPE = YES_ERROR;
				GCC_WARN_UNDECLARED_SELECTOR = YES;
				GCC_WARN_UNINITIALIZED_AUTOS = YES_AGGRESSIVE;
				GCC_WARN_UNUSED_FUNCTION = YES;
				GCC_WARN_UNUSED_VARIABLE = YES;
				IPHONEOS_DEPLOYMENT_TARGET = 15.0;
				MTL_ENABLE_DEBUG_INFO = INCLUDE_SOURCE;
				MTL_FAST_MATH = YES;
				ONLY_ACTIVE_ARCH = YES;
				SDKROOT = iphoneos;
				SWIFT_ACTIVE_COMPILATION_CONDITIONS = DEBUG;
				SWIFT_OPTIMIZATION_LEVEL = "-Onone";
			};
			name = Debug;
		};
		6F4ACDBA2943E9A800400AEA /* Release */ = {
			isa = XCBuildConfiguration;
			buildSettings = {
				ALWAYS_SEARCH_USER_PATHS = NO;
				CLANG_ANALYZER_NONNULL = YES;
				CLANG_ANALYZER_NUMBER_OBJECT_CONVERSION = YES_AGGRESSIVE;
				CLANG_CXX_LANGUAGE_STANDARD = "gnu++20";
				CLANG_ENABLE_MODULES = YES;
				CLANG_ENABLE_OBJC_ARC = YES;
				CLANG_ENABLE_OBJC_WEAK = YES;
				CLANG_WARN_BLOCK_CAPTURE_AUTORELEASING = YES;
				CLANG_WARN_BOOL_CONVERSION = YES;
				CLANG_WARN_COMMA = YES;
				CLANG_WARN_CONSTANT_CONVERSION = YES;
				CLANG_WARN_DEPRECATED_OBJC_IMPLEMENTATIONS = YES;
				CLANG_WARN_DIRECT_OBJC_ISA_USAGE = YES_ERROR;
				CLANG_WARN_DOCUMENTATION_COMMENTS = YES;
				CLANG_WARN_EMPTY_BODY = YES;
				CLANG_WARN_ENUM_CONVERSION = YES;
				CLANG_WARN_INFINITE_RECURSION = YES;
				CLANG_WARN_INT_CONVERSION = YES;
				CLANG_WARN_NON_LITERAL_NULL_CONVERSION = YES;
				CLANG_WARN_OBJC_IMPLICIT_RETAIN_SELF = YES;
				CLANG_WARN_OBJC_LITERAL_CONVERSION = YES;
				CLANG_WARN_OBJC_ROOT_CLASS = YES_ERROR;
				CLANG_WARN_QUOTED_INCLUDE_IN_FRAMEWORK_HEADER = YES;
				CLANG_WARN_RANGE_LOOP_ANALYSIS = YES;
				CLANG_WARN_STRICT_PROTOTYPES = YES;
				CLANG_WARN_SUSPICIOUS_MOVE = YES;
				CLANG_WARN_UNGUARDED_AVAILABILITY = YES_AGGRESSIVE;
				CLANG_WARN_UNREACHABLE_CODE = YES;
				CLANG_WARN__DUPLICATE_METHOD_MATCH = YES;
				COPY_PHASE_STRIP = NO;
				DEBUG_INFORMATION_FORMAT = "dwarf-with-dsym";
				ENABLE_NS_ASSERTIONS = NO;
				ENABLE_STRICT_OBJC_MSGSEND = YES;
				GCC_C_LANGUAGE_STANDARD = gnu11;
				GCC_NO_COMMON_BLOCKS = YES;
				GCC_WARN_64_TO_32_BIT_CONVERSION = YES;
				GCC_WARN_ABOUT_RETURN_TYPE = YES_ERROR;
				GCC_WARN_UNDECLARED_SELECTOR = YES;
				GCC_WARN_UNINITIALIZED_AUTOS = YES_AGGRESSIVE;
				GCC_WARN_UNUSED_FUNCTION = YES;
				GCC_WARN_UNUSED_VARIABLE = YES;
				IPHONEOS_DEPLOYMENT_TARGET = 15.0;
				MTL_ENABLE_DEBUG_INFO = NO;
				MTL_FAST_MATH = YES;
				SDKROOT = iphoneos;
				SWIFT_COMPILATION_MODE = wholemodule;
				SWIFT_OPTIMIZATION_LEVEL = "-O";
				VALIDATE_PRODUCT = YES;
			};
			name = Release;
		};
		6F4ACDBC2943E9A800400AEA /* Debug */ = {
			isa = XCBuildConfiguration;
			buildSettings = {
				ASSETCATALOG_COMPILER_APPICON_NAME = AppIcon;
				ASSETCATALOG_COMPILER_GLOBAL_ACCENT_COLOR_NAME = AccentColor;
				CODE_SIGN_STYLE = Automatic;
				CURRENT_PROJECT_VERSION = 1;
				DEVELOPMENT_ASSET_PATHS = "\"SwiftUITests/Preview Content\"";
				DEVELOPMENT_TEAM = 465Z3582U9;
				ENABLE_PREVIEWS = YES;
				GENERATE_INFOPLIST_FILE = YES;
				INFOPLIST_KEY_UIApplicationSceneManifest_Generation = YES;
				INFOPLIST_KEY_UIApplicationSupportsIndirectInputEvents = YES;
				INFOPLIST_KEY_UILaunchScreen_Generation = YES;
				INFOPLIST_KEY_UISupportedInterfaceOrientations_iPad = "UIInterfaceOrientationPortrait UIInterfaceOrientationPortraitUpsideDown UIInterfaceOrientationLandscapeLeft UIInterfaceOrientationLandscapeRight";
				INFOPLIST_KEY_UISupportedInterfaceOrientations_iPhone = "UIInterfaceOrientationPortrait UIInterfaceOrientationLandscapeLeft UIInterfaceOrientationLandscapeRight";
				IPHONEOS_DEPLOYMENT_TARGET = 15.0;
				LD_RUNPATH_SEARCH_PATHS = (
					"$(inherited)",
					"@executable_path/Frameworks",
				);
				MARKETING_VERSION = 1.0;
				PRODUCT_BUNDLE_IDENTIFIER = com.swiftui.SwiftUITests;
				PRODUCT_NAME = "$(TARGET_NAME)";
				SWIFT_EMIT_LOC_STRINGS = YES;
				SWIFT_VERSION = 5.0;
				TARGETED_DEVICE_FAMILY = "1,2";
			};
			name = Debug;
		};
		6F4ACDBD2943E9A800400AEA /* Release */ = {
			isa = XCBuildConfiguration;
			buildSettings = {
				ASSETCATALOG_COMPILER_APPICON_NAME = AppIcon;
				ASSETCATALOG_COMPILER_GLOBAL_ACCENT_COLOR_NAME = AccentColor;
				CODE_SIGN_STYLE = Automatic;
				CURRENT_PROJECT_VERSION = 1;
				DEVELOPMENT_ASSET_PATHS = "\"SwiftUITests/Preview Content\"";
				DEVELOPMENT_TEAM = 465Z3582U9;
				ENABLE_PREVIEWS = YES;
				GENERATE_INFOPLIST_FILE = YES;
				INFOPLIST_KEY_UIApplicationSceneManifest_Generation = YES;
				INFOPLIST_KEY_UIApplicationSupportsIndirectInputEvents = YES;
				INFOPLIST_KEY_UILaunchScreen_Generation = YES;
				INFOPLIST_KEY_UISupportedInterfaceOrientations_iPad = "UIInterfaceOrientationPortrait UIInterfaceOrientationPortraitUpsideDown UIInterfaceOrientationLandscapeLeft UIInterfaceOrientationLandscapeRight";
				INFOPLIST_KEY_UISupportedInterfaceOrientations_iPhone = "UIInterfaceOrientationPortrait UIInterfaceOrientationLandscapeLeft UIInterfaceOrientationLandscapeRight";
				IPHONEOS_DEPLOYMENT_TARGET = 15.0;
				LD_RUNPATH_SEARCH_PATHS = (
					"$(inherited)",
					"@executable_path/Frameworks",
				);
				MARKETING_VERSION = 1.0;
				PRODUCT_BUNDLE_IDENTIFIER = com.swiftui.SwiftUITests;
				PRODUCT_NAME = "$(TARGET_NAME)";
				SWIFT_EMIT_LOC_STRINGS = YES;
				SWIFT_VERSION = 5.0;
				TARGETED_DEVICE_FAMILY = "1,2";
			};
			name = Release;
		};
/* End XCBuildConfiguration section */

/* Begin XCConfigurationList section */
		6F4ACDA82943E9A600400AEA /* Build configuration list for PBXProject "SwiftUITests" */ = {
			isa = XCConfigurationList;
			buildConfigurations = (
				6F4ACDB92943E9A800400AEA /* Debug */,
				6F4ACDBA2943E9A800400AEA /* Release */,
			);
			defaultConfigurationIsVisible = 0;
			defaultConfigurationName = Release;
		};
		6F4ACDBB2943E9A800400AEA /* Build configuration list for PBXNativeTarget "SwiftUITests" */ = {
			isa = XCConfigurationList;
			buildConfigurations = (
				6F4ACDBC2943E9A800400AEA /* Debug */,
				6F4ACDBD2943E9A800400AEA /* Release */,
			);
			defaultConfigurationIsVisible = 0;
			defaultConfigurationName = Release;
		};
/* End XCConfigurationList section */
	};
	rootObject = 6F4ACDA52943E9A600400AEA /* Project object */;
}
